
Microsoft Visual Studio Solution File, Format Version 12.00
# Visual Studio 2012
VisualStudioVersion = 14.0.23107.0
MinimumVisualStudioVersion = 10.0.40219.1
Project("{FAE04EC0-301F-11D3-BF4B-00C04F79EFBC}") = "NoteTaker1", "NoteTaker1\NoteTaker1.csproj", "{C7C97D41-BF80-4859-98E9-B55EA3EE2A0E}"
EndProject
Project("{FAE04EC0-301F-11D3-BF4B-00C04F79EFBC}") = "NoteTaker1.Droid", "Droid\NoteTaker1.Droid.csproj", "{B1F2E2EA-6564-44BC-B6D5-5BE67A9963F9}"
EndProject
Project("{FAE04EC0-301F-11D3-BF4B-00C04F79EFBC}") = "NoteTaker1.Data", "NoteTaker1.Data\NoteTaker1.Data.csproj", "{3A29130A-202F-4F65-A7A9-1A2F30BFB297}"
EndProject
Project("{FAE04EC0-301F-11D3-BF4B-00C04F79EFBC}") = "NoteTaker1.WinPhone", "NoteTaker1.WinPhone\NoteTaker1.WinPhone.csproj", "{A5CB1DE0-26E3-4291-83A6-846150690BBF}"
EndProject
Project("{FAE04EC0-301F-11D3-BF4B-00C04F79EFBC}") = "NoteTaker1.IOS", "NoteTaker1.IOS\NoteTaker1.IOS.csproj", "{6E346275-1007-4FDA-85B3-35FE64837CE9}"
EndProject
Global
	GlobalSection(SolutionConfigurationPlatforms) = preSolution
		Debug|Any CPU = Debug|Any CPU
		Debug|ARM = Debug|ARM
		Debug|x86 = Debug|x86
		Release|Any CPU = Release|Any CPU
		Release|ARM = Release|ARM
		Release|x86 = Release|x86
		Debug|iPhoneSimulator = Debug|iPhoneSimulator
		Release|iPhone = Release|iPhone
		Release|iPhoneSimulator = Release|iPhoneSimulator
		Debug|iPhone = Debug|iPhone
	EndGlobalSection
	GlobalSection(ProjectConfigurationPlatforms) = postSolution
		{3A29130A-202F-4F65-A7A9-1A2F30BFB297}.Debug|Any CPU.ActiveCfg = Debug|Any CPU
		{3A29130A-202F-4F65-A7A9-1A2F30BFB297}.Debug|Any CPU.Build.0 = Debug|Any CPU
		{3A29130A-202F-4F65-A7A9-1A2F30BFB297}.Debug|ARM.ActiveCfg = Debug|Any CPU
		{3A29130A-202F-4F65-A7A9-1A2F30BFB297}.Debug|ARM.Build.0 = Debug|Any CPU
		{3A29130A-202F-4F65-A7A9-1A2F30BFB297}.Debug|iPhone.ActiveCfg = Debug|Any CPU
		{3A29130A-202F-4F65-A7A9-1A2F30BFB297}.Debug|iPhone.Build.0 = Debug|Any CPU
		{3A29130A-202F-4F65-A7A9-1A2F30BFB297}.Debug|iPhoneSimulator.ActiveCfg = Debug|Any CPU
		{3A29130A-202F-4F65-A7A9-1A2F30BFB297}.Debug|iPhoneSimulator.Build.0 = Debug|Any CPU
		{3A29130A-202F-4F65-A7A9-1A2F30BFB297}.Debug|x86.ActiveCfg = Debug|Any CPU
		{3A29130A-202F-4F65-A7A9-1A2F30BFB297}.Debug|x86.Build.0 = Debug|Any CPU
		{3A29130A-202F-4F65-A7A9-1A2F30BFB297}.Release|Any CPU.ActiveCfg = Release|Any CPU
		{3A29130A-202F-4F65-A7A9-1A2F30BFB297}.Release|Any CPU.Build.0 = Release|Any CPU
		{3A29130A-202F-4F65-A7A9-1A2F30BFB297}.Release|ARM.ActiveCfg = Release|Any CPU
		{3A29130A-202F-4F65-A7A9-1A2F30BFB297}.Release|ARM.Build.0 = Release|Any CPU
		{3A29130A-202F-4F65-A7A9-1A2F30BFB297}.Release|iPhone.ActiveCfg = Release|Any CPU
		{3A29130A-202F-4F65-A7A9-1A2F30BFB297}.Release|iPhone.Build.0 = Release|Any CPU
		{3A29130A-202F-4F65-A7A9-1A2F30BFB297}.Release|iPhoneSimulator.ActiveCfg = Release|Any CPU
		{3A29130A-202F-4F65-A7A9-1A2F30BFB297}.Release|iPhoneSimulator.Build.0 = Release|Any CPU
		{3A29130A-202F-4F65-A7A9-1A2F30BFB297}.Release|x86.ActiveCfg = Release|Any CPU
		{3A29130A-202F-4F65-A7A9-1A2F30BFB297}.Release|x86.Build.0 = Release|Any CPU
		{6E346275-1007-4FDA-85B3-35FE64837CE9}.Debug|Any CPU.ActiveCfg = Debug|iPhoneSimulator
		{6E346275-1007-4FDA-85B3-35FE64837CE9}.Debug|Any CPU.Build.0 = Debug|iPhoneSimulator
		{6E346275-1007-4FDA-85B3-35FE64837CE9}.Debug|ARM.ActiveCfg = Debug|iPhoneSimulator
		{6E346275-1007-4FDA-85B3-35FE64837CE9}.Debug|ARM.Build.0 = Debug|iPhoneSimulator
		{6E346275-1007-4FDA-85B3-35FE64837CE9}.Debug|iPhone.ActiveCfg = Debug|iPhone
		{6E346275-1007-4FDA-85B3-35FE64837CE9}.Debug|iPhone.Build.0 = Debug|iPhone
		{6E346275-1007-4FDA-85B3-35FE64837CE9}.Debug|iPhoneSimulator.ActiveCfg = Debug|iPhoneSimulator
		{6E346275-1007-4FDA-85B3-35FE64837CE9}.Debug|iPhoneSimulator.Build.0 = Debug|iPhoneSimulator
		{6E346275-1007-4FDA-85B3-35FE64837CE9}.Debug|x86.ActiveCfg = Debug|iPhoneSimulator
		{6E346275-1007-4FDA-85B3-35FE64837CE9}.Debug|x86.Build.0 = Debug|iPhoneSimulator
		{6E346275-1007-4FDA-85B3-35FE64837CE9}.Release|Any CPU.ActiveCfg = Release|iPhone
		{6E346275-1007-4FDA-85B3-35FE64837CE9}.Release|Any CPU.Build.0 = Release|iPhone
		{6E346275-1007-4FDA-85B3-35FE64837CE9}.Release|ARM.ActiveCfg = Release|iPhone
		{6E346275-1007-4FDA-85B3-35FE64837CE9}.Release|ARM.Build.0 = Release|iPhone
		{6E346275-1007-4FDA-85B3-35FE64837CE9}.Release|iPhone.ActiveCfg = Release|iPhone
		{6E346275-1007-4FDA-85B3-35FE64837CE9}.Release|iPhone.Build.0 = Release|iPhone
		{6E346275-1007-4FDA-85B3-35FE64837CE9}.Release|iPhoneSimulator.ActiveCfg = Release|iPhoneSimulator
		{6E346275-1007-4FDA-85B3-35FE64837CE9}.Release|iPhoneSimulator.Build.0 = Release|iPhoneSimulator
		{6E346275-1007-4FDA-85B3-35FE64837CE9}.Release|x86.ActiveCfg = Release|iPhone
		{6E346275-1007-4FDA-85B3-35FE64837CE9}.Release|x86.Build.0 = Release|iPhone
		{A5CB1DE0-26E3-4291-83A6-846150690BBF}.Debug|Any CPU.ActiveCfg = Debug|Any CPU
		{A5CB1DE0-26E3-4291-83A6-846150690BBF}.Debug|Any CPU.Build.0 = Debug|Any CPU
		{A5CB1DE0-26E3-4291-83A6-846150690BBF}.Debug|Any CPU.Deploy.0 = Debug|Any CPU
		{A5CB1DE0-26E3-4291-83A6-846150690BBF}.Debug|ARM.ActiveCfg = Debug|ARM
		{A5CB1DE0-26E3-4291-83A6-846150690BBF}.Debug|ARM.Build.0 = Debug|ARM
		{A5CB1DE0-26E3-4291-83A6-846150690BBF}.Debug|ARM.Deploy.0 = Debug|ARM
		{A5CB1DE0-26E3-4291-83A6-846150690BBF}.Debug|iPhone.ActiveCfg = Debug|Any CPU
		{A5CB1DE0-26E3-4291-83A6-846150690BBF}.Debug|iPhone.Build.0 = Debug|Any CPU
		{A5CB1DE0-26E3-4291-83A6-846150690BBF}.Debug|iPhoneSimulator.ActiveCfg = Debug|Any CPU
		{A5CB1DE0-26E3-4291-83A6-846150690BBF}.Debug|iPhoneSimulator.Build.0 = Debug|Any CPU
		{A5CB1DE0-26E3-4291-83A6-846150690BBF}.Debug|x86.ActiveCfg = Debug|x86
		{A5CB1DE0-26E3-4291-83A6-846150690BBF}.Debug|x86.Build.0 = Debug|x86
		{A5CB1DE0-26E3-4291-83A6-846150690BBF}.Debug|x86.Deploy.0 = Debug|x86
		{A5CB1DE0-26E3-4291-83A6-846150690BBF}.Release|Any CPU.ActiveCfg = Release|Any CPU
		{A5CB1DE0-26E3-4291-83A6-846150690BBF}.Release|Any CPU.Build.0 = Release|Any CPU
		{A5CB1DE0-26E3-4291-83A6-846150690BBF}.Release|Any CPU.Deploy.0 = Release|Any CPU
		{A5CB1DE0-26E3-4291-83A6-846150690BBF}.Release|ARM.ActiveCfg = Release|ARM
		{A5CB1DE0-26E3-4291-83A6-846150690BBF}.Release|ARM.Build.0 = Release|ARM
		{A5CB1DE0-26E3-4291-83A6-846150690BBF}.Release|ARM.Deploy.0 = Release|ARM
		{A5CB1DE0-26E3-4291-83A6-846150690BBF}.Release|iPhone.ActiveCfg = Release|Any CPU
		{A5CB1DE0-26E3-4291-83A6-846150690BBF}.Release|iPhone.Build.0 = Release|Any CPU
		{A5CB1DE0-26E3-4291-83A6-846150690BBF}.Release|iPhoneSimulator.ActiveCfg = Release|Any CPU
		{A5CB1DE0-26E3-4291-83A6-846150690BBF}.Release|iPhoneSimulator.Build.0 = Release|Any CPU
		{A5CB1DE0-26E3-4291-83A6-846150690BBF}.Release|x86.ActiveCfg = Release|x86
		{A5CB1DE0-26E3-4291-83A6-846150690BBF}.Release|x86.Build.0 = Release|x86
		{A5CB1DE0-26E3-4291-83A6-846150690BBF}.Release|x86.Deploy.0 = Release|x86
		{B1F2E2EA-6564-44BC-B6D5-5BE67A9963F9}.Debug|Any CPU.ActiveCfg = Debug|Any CPU
		{B1F2E2EA-6564-44BC-B6D5-5BE67A9963F9}.Debug|Any CPU.Build.0 = Debug|Any CPU
		{B1F2E2EA-6564-44BC-B6D5-5BE67A9963F9}.Debug|Any CPU.Deploy.0 = Debug|Any CPU
		{B1F2E2EA-6564-44BC-B6D5-5BE67A9963F9}.Debug|ARM.ActiveCfg = Debug|Any CPU
		{B1F2E2EA-6564-44BC-B6D5-5BE67A9963F9}.Debug|ARM.Build.0 = Debug|Any CPU
		{B1F2E2EA-6564-44BC-B6D5-5BE67A9963F9}.Debug|ARM.Deploy.0 = Debug|Any CPU
		{B1F2E2EA-6564-44BC-B6D5-5BE67A9963F9}.Debug|iPhone.ActiveCfg = Debug|Any CPU
		{B1F2E2EA-6564-44BC-B6D5-5BE67A9963F9}.Debug|iPhone.Build.0 = Debug|Any CPU
		{B1F2E2EA-6564-44BC-B6D5-5BE67A9963F9}.Debug|iPhoneSimulator.ActiveCfg = Debug|Any CPU
		{B1F2E2EA-6564-44BC-B6D5-5BE67A9963F9}.Debug|iPhoneSimulator.Build.0 = Debug|Any CPU
		{B1F2E2EA-6564-44BC-B6D5-5BE67A9963F9}.Debug|x86.ActiveCfg = Debug|Any CPU
		{B1F2E2EA-6564-44BC-B6D5-5BE67A9963F9}.Debug|x86.Build.0 = Debug|Any CPU
		{B1F2E2EA-6564-44BC-B6D5-5BE67A9963F9}.Debug|x86.Deploy.0 = Debug|Any CPU
		{B1F2E2EA-6564-44BC-B6D5-5BE67A9963F9}.Release|Any CPU.ActiveCfg = Release|Any CPU
		{B1F2E2EA-6564-44BC-B6D5-5BE67A9963F9}.Release|Any CPU.Build.0 = Release|Any CPU
		{B1F2E2EA-6564-44BC-B6D5-5BE67A9963F9}.Release|ARM.ActiveCfg = Release|Any CPU
		{B1F2E2EA-6564-44BC-B6D5-5BE67A9963F9}.Release|ARM.Build.0 = Release|Any CPU
		{B1F2E2EA-6564-44BC-B6D5-5BE67A9963F9}.Release|ARM.Deploy.0 = Release|Any CPU
		{B1F2E2EA-6564-44BC-B6D5-5BE67A9963F9}.Release|iPhone.ActiveCfg = Release|Any CPU
		{B1F2E2EA-6564-44BC-B6D5-5BE67A9963F9}.Release|iPhone.Build.0 = Release|Any CPU
		{B1F2E2EA-6564-44BC-B6D5-5BE67A9963F9}.Release|iPhoneSimulator.ActiveCfg = Release|Any CPU
		{B1F2E2EA-6564-44BC-B6D5-5BE67A9963F9}.Release|iPhoneSimulator.Build.0 = Release|Any CPU
		{B1F2E2EA-6564-44BC-B6D5-5BE67A9963F9}.Release|x86.ActiveCfg = Release|Any CPU
		{B1F2E2EA-6564-44BC-B6D5-5BE67A9963F9}.Release|x86.Build.0 = Release|Any CPU
		{B1F2E2EA-6564-44BC-B6D5-5BE67A9963F9}.Release|x86.Deploy.0 = Release|Any CPU
		{C7C97D41-BF80-4859-98E9-B55EA3EE2A0E}.Debug|Any CPU.ActiveCfg = Debug|Any CPU
		{C7C97D41-BF80-4859-98E9-B55EA3EE2A0E}.Debug|Any CPU.Build.0 = Debug|Any CPU
		{C7C97D41-BF80-4859-98E9-B55EA3EE2A0E}.Debug|ARM.ActiveCfg = Debug|Any CPU
		{C7C97D41-BF80-4859-98E9-B55EA3EE2A0E}.Debug|ARM.Build.0 = Debug|Any CPU
		{C7C97D41-BF80-4859-98E9-B55EA3EE2A0E}.Debug|iPhone.ActiveCfg = Debug|Any CPU
		{C7C97D41-BF80-4859-98E9-B55EA3EE2A0E}.Debug|iPhone.Build.0 = Debug|Any CPU
		{C7C97D41-BF80-4859-98E9-B55EA3EE2A0E}.Debug|iPhoneSimulator.ActiveCfg = Debug|Any CPU
		{C7C97D41-BF80-4859-98E9-B55EA3EE2A0E}.Debug|iPhoneSimulator.Build.0 = Debug|Any CPU
		{C7C97D41-BF80-4859-98E9-B55EA3EE2A0E}.Debug|x86.ActiveCfg = Debug|Any CPU
		{C7C97D41-BF80-4859-98E9-B55EA3EE2A0E}.Debug|x86.Build.0 = Debug|Any CPU
		{C7C97D41-BF80-4859-98E9-B55EA3EE2A0E}.Release|Any CPU.ActiveCfg = Release|Any CPU
		{C7C97D41-BF80-4859-98E9-B55EA3EE2A0E}.Release|Any CPU.Build.0 = Release|Any CPU
		{C7C97D41-BF80-4859-98E9-B55EA3EE2A0E}.Release|ARM.ActiveCfg = Release|Any CPU
		{C7C97D41-BF80-4859-98E9-B55EA3EE2A0E}.Release|ARM.Build.0 = Release|Any CPU
		{C7C97D41-BF80-4859-98E9-B55EA3EE2A0E}.Release|iPhone.ActiveCfg = Release|Any CPU
		{C7C97D41-BF80-4859-98E9-B55EA3EE2A0E}.Release|iPhone.Build.0 = Release|Any CPU
		{C7C97D41-BF80-4859-98E9-B55EA3EE2A0E}.Release|iPhoneSimulator.ActiveCfg = Release|Any CPU
		{C7C97D41-BF80-4859-98E9-B55EA3EE2A0E}.Release|iPhoneSimulator.Build.0 = Release|Any CPU
		{C7C97D41-BF80-4859-98E9-B55EA3EE2A0E}.Release|x86.ActiveCfg = Release|Any CPU
		{C7C97D41-BF80-4859-98E9-B55EA3EE2A0E}.Release|x86.Build.0 = Release|Any CPU
	EndGlobalSection
	GlobalSection(SolutionProperties) = preSolution
		HideSolutionNode = FALSE
	EndGlobalSection
EndGlobal
